// !$*UTF8*$!
{
	archiveVersion = 1;
	classes = {
	};
	objectVersion = 46;
	objects = {

/* Begin PBXBuildFile section */
		97D76B44175157C50088CD6A /* main.cpp in Sources */ = {isa = PBXBuildFile; fileRef = 97D76B43175157C50088CD6A /* main.cpp */; };
		97D76B46175157C50088CD6A /* stocks.1 in CopyFiles */ = {isa = PBXBuildFile; fileRef = 97D76B45175157C50088CD6A /* stocks.1 */; };
/* End PBXBuildFile section */

/* Begin PBXCopyFilesBuildPhase section */
		97D76B3D175157C50088CD6A /* CopyFiles */ = {
			isa = PBXCopyFilesBuildPhase;
			buildActionMask = 2147483647;
			dstPath = /usr/share/man/man1/;
			dstSubfolderSpec = 0;
			files = (
				97D76B46175157C50088CD6A /* stocks.1 in CopyFiles */,
			);
			runOnlyForDeploymentPostprocessing = 1;
		};
/* End PBXCopyFilesBuildPhase section */

/* Begin PBXFileReference section */
		97D76B3F175157C50088CD6A /* stocks */ = {isa = PBXFileReference; explicitFileType = "compiled.mach-o.executable"; includeInIndex = 0; path = stocks; sourceTree = BUILT_PRODUCTS_DIR; };
		97D76B43175157C50088CD6A /* main.cpp */ = {isa = PBXFileReference; lastKnownFileType = sourcecode.cpp.cpp; path = main.cpp; sourceTree = "<group>"; };
		97D76B45175157C50088CD6A /* stocks.1 */ = {isa = PBXFileReference; lastKnownFileType = text.man; path = stocks.1; sourceTree = "<group>"; };
		97D76B4C175157DD0088CD6A /* rapidxml_iterators.hpp */ = {isa = PBXFileReference; fileEncoding = 4; lastKnownFileType = sourcecode.cpp.h; path = rapidxml_iterators.hpp; sourceTree = "<group>"; };
		97D76B4D175157DD0088CD6A /* rapidxml_print.hpp */ = {isa = PBXFileReference; fileEncoding = 4; lastKnownFileType = sourcecode.cpp.h; path = rapidxml_print.hpp; sourceTree = "<group>"; };
		97D76B4E175157DD0088CD6A /* rapidxml_utils.hpp */ = {isa = PBXFileReference; fileEncoding = 4; lastKnownFileType = sourcecode.cpp.h; path = rapidxml_utils.hpp; sourceTree = "<group>"; };
		97D76B4F175157DD0088CD6A /* rapidxml.hpp */ = {isa = PBXFileReference; fileEncoding = 4; lastKnownFileType = sourcecode.cpp.h; path = rapidxml.hpp; sourceTree = "<group>"; };
/* End PBXFileReference section */

/* Begin PBXFrameworksBuildPhase section */
		97D76B3C175157C50088CD6A /* Frameworks */ = {
			isa = PBXFrameworksBuildPhase;
			buildActionMask = 2147483647;
			files = (
			);
			runOnlyForDeploymentPostprocessing = 0;
		};
/* End PBXFrameworksBuildPhase section */

/* Begin PBXGroup section */
		97D76B34175157C50088CD6A = {
			isa = PBXGroup;
			children = (
				97D76B42175157C50088CD6A /* stocks */,
				97D76B40175157C50088CD6A /* Products */,
			);
			sourceTree = "<group>";
		};
		97D76B40175157C50088CD6A /* Products */ = {
			isa = PBXGroup;
			children = (
				97D76B3F175157C50088CD6A /* stocks */,
			);
			name = Products;
			sourceTree = "<group>";
		};
		97D76B42175157C50088CD6A /* stocks */ = {
			isa = PBXGroup;
			children = (
				97D76B43175157C50088CD6A /* main.cpp */,
				97D76B4C175157DD0088CD6A /* rapidxml_iterators.hpp */,
				97D76B4D175157DD0088CD6A /* rapidxml_print.hpp */,
				97D76B4E175157DD0088CD6A /* rapidxml_utils.hpp */,
				97D76B4F175157DD0088CD6A /* rapidxml.hpp */,
				97D76B45175157C50088CD6A /* stocks.1 */,
			);
			path = stocks;
			sourceTree = "<group>";
		};
/* End PBXGroup section */

/* Begin PBXNativeTarget section */
		97D76B3E175157C50088CD6A /* stocks */ = {
			isa = PBXNativeTarget;
			buildConfigurationList = 97D76B49175157C50088CD6A /* Build configuration list for PBXNativeTarget "stocks" */;
			buildPhases = (
				97D76B3B175157C50088CD6A /* Sources */,
				97D76B3C175157C50088CD6A /* Frameworks */,
				97D76B3D175157C50088CD6A /* CopyFiles */,
			);
			buildRules = (
			);
			dependencies = (
			);
			name = stocks;
			productName = stocks;
			productReference = 97D76B3F175157C50088CD6A /* stocks */;
			productType = "com.apple.product-type.tool";
		};
/* End PBXNativeTarget section */

/* Begin PBXProject section */
		97D76B36175157C50088CD6A /* Project object */ = {
			isa = PBXProject;
			attributes = {
				LastUpgradeCheck = 0450;
				ORGANIZATIONNAME = "Samir Lavingia";
			};
			buildConfigurationList = 97D76B39175157C50088CD6A /* Build configuration list for PBXProject "stocks" */;
			compatibilityVersion = "Xcode 3.2";
			developmentRegion = English;
			hasScannedForEncodings = 0;
			knownRegions = (
				en,
			);
			mainGroup = 97D76B34175157C50088CD6A;
			productRefGroup = 97D76B40175157C50088CD6A /* Products */;
			projectDirPath = "";
			projectRoot = "";
			targets = (
				97D76B3E175157C50088CD6A /* stocks */,
			);
		};
/* End PBXProject section */

/* Begin PBXSourcesBuildPhase section */
		97D76B3B175157C50088CD6A /* Sources */ = {
			isa = PBXSourcesBuildPhase;
			buildActionMask = 2147483647;
			files = (
				97D76B44175157C50088CD6A /* main.cpp in Sources */,
			);
			runOnlyForDeploymentPostprocessing = 0;
		};
/* End PBXSourcesBuildPhase section */

/* Begin XCBuildConfiguration section */
		97D76B47175157C50088CD6A /* Debug */ = {
			isa = XCBuildConfiguration;
			buildSettings = {
				ALWAYS_SEARCH_USER_PATHS = NO;
				ARCHS = "$(ARCHS_STANDARD_64_BIT)";
				CLANG_CXX_LANGUAGE_STANDARD = "gnu++0x";
				CLANG_CXX_LIBRARY = "libc++";
				CLANG_WARN_EMPTY_BODY = YES;
				CLANG_WARN__DUPLICATE_METHOD_MATCH = YES;
				COPY_PHASE_STRIP = NO;
				GCC_C_LANGUAGE_STANDARD = gnu99;
				GCC_DYNAMIC_NO_PIC = NO;
				GCC_ENABLE_OBJC_EXCEPTIONS = YES;
				GCC_OPTIMIZATION_LEVEL = 0;
				GCC_PREPROCESSOR_DEFINITIONS = (
					"DEBUG=1",
					"$(inherited)",
				);
				GCC_SYMBOLS_PRIVATE_EXTERN = NO;
				GCC_WARN_64_TO_32_BIT_CONVERSION = YES;
				GCC_WARN_ABOUT_RETURN_TYPE = YES;
				GCC_WARN_UNINITIALIZED_AUTOS = YES;
				GCC_WARN_UNUSED_VARIABLE = YES;
				MACOSX_DEPLOYMENT_TARGET = 10.7;
				ONLY_ACTIVE_ARCH = YES;
				SDKROOT = macosx;
			};
			name = Debug;
		};
		97D76B48175157C50088CD6A /* Release */ = {
			isa = XCBuildConfiguration;
			buildSettings = {
				ALWAYS_SEARCH_USER_PATHS = NO;
				ARCHS = "$(ARCHS_STANDARD_64_BIT)";
				CLANG_CXX_LANGUAGE_STANDARD = "gnu++0x";
				CLANG_CXX_LIBRARY = "libc++";
				CLANG_WARN_EMPTY_BODY = YES;
				CLANG_WARN__DUPLICATE_METHOD_MATCH = YES;
				COPY_PHASE_STRIP = YES;
				DEBUG_INFORMATION_FORMAT = "dwarf-with-dsym";
				GCC_C_LANGUAGE_STANDARD = gnu99;
				GCC_ENABLE_OBJC_EXCEPTIONS = YES;
				GCC_WARN_64_TO_32_BIT_CONVERSION = YES;
				GCC_WARN_ABOUT_RETURN_TYPE = YES;
				GCC_WARN_UNINITIALIZED_AUTOS = YES;
				GCC_WARN_UNUSED_VARIABLE = YES;
				MACOSX_DEPLOYMENT_TARGET = 10.7;
				SDKROOT = macosx;
			};
			name = Release;
		};
		97D76B4A175157C50088CD6A /* Debug */ = {
			isa = XCBuildConfiguration;
			buildSettings = {
				PRODUCT_NAME = "$(TARGET_NAME)";
			};
			name = Debug;
		};
		97D76B4B175157C50088CD6A /* Release */ = {
			isa = XCBuildConfiguration;
			buildSettings = {
				PRODUCT_NAME = "$(TARGET_NAME)";
			};
			name = Release;
		};
/* End XCBuildConfiguration section */

/* Begin XCConfigurationList section */
		97D76B39175157C50088CD6A /* Build configuration list for PBXProject "stocks" */ = {
			isa = XCConfigurationList;
			buildConfigurations = (
				97D76B47175157C50088CD6A /* Debug */,
				97D76B48175157C50088CD6A /* Release */,
			);
			defaultConfigurationIsVisible = 0;
			defaultConfigurationName = Release;
		};
		97D76B49175157C50088CD6A /* Build configuration list for PBXNativeTarget "stocks" */ = {
			isa = XCConfigurationList;
			buildConfigurations = (
				97D76B4A175157C50088CD6A /* Debug */,
				97D76B4B175157C50088CD6A /* Release */,
			);
			defaultConfigurationIsVisible = 0;
		};
/* End XCConfigurationList section */
	};
	rootObject = 97D76B36175157C50088CD6A /* Project object */;
}
